
Microsoft Visual Studio Solution File, Format Version 12.00
# Visual Studio 14
VisualStudioVersion = 14.0.25420.1
MinimumVisualStudioVersion = 10.0.40219.1
Project("{FAE04EC0-301F-11D3-BF4B-00C04F79EFBC}") = "CrmPackage", "CrmPackage\CrmPackage.csproj", "{1DFF16EC-4AD9-4E69-B215-102D2A36AFD9}"
EndProject
Project("{FAE04EC0-301F-11D3-BF4B-00C04F79EFBC}") = "Plugins", "Plugins\Plugins.csproj", "{D31E85CC-F939-4557-AA9F-01A2EC168E05}"
EndProject
Global
	GlobalSection(SolutionConfigurationPlatforms) = preSolution
		Debug|Any CPU = Debug|Any CPU
		Release|Any CPU = Release|Any CPU
	EndGlobalSection
	GlobalSection(ProjectConfigurationPlatforms) = postSolution
		{1DFF16EC-4AD9-4E69-B215-102D2A36AFD9}.Debug|Any CPU.ActiveCfg = Debug|Any CPU
		{1DFF16EC-4AD9-4E69-B215-102D2A36AFD9}.Debug|Any CPU.Build.0 = Debug|Any CPU
		{1DFF16EC-4AD9-4E69-B215-102D2A36AFD9}.Debug|Any CPU.Deploy.0 = Debug|Any CPU
		{1DFF16EC-4AD9-4E69-B215-102D2A36AFD9}.Release|Any CPU.ActiveCfg = Release|Any CPU
		{1DFF16EC-4AD9-4E69-B215-102D2A36AFD9}.Release|Any CPU.Build.0 = Release|Any CPU
		{1DFF16EC-4AD9-4E69-B215-102D2A36AFD9}.Release|Any CPU.Deploy.0 = Release|Any CPU
		{D31E85CC-F939-4557-AA9F-01A2EC168E05}.Debug|Any CPU.ActiveCfg = Debug|Any CPU
		{D31E85CC-F939-4557-AA9F-01A2EC168E05}.Debug|Any CPU.Build.0 = Debug|Any CPU
		{D31E85CC-F939-4557-AA9F-01A2EC168E05}.Release|Any CPU.ActiveCfg = Release|Any CPU
		{D31E85CC-F939-4557-AA9F-01A2EC168E05}.Release|Any CPU.Build.0 = Release|Any CPU
	EndGlobalSection
	GlobalSection(SolutionProperties) = preSolution
		HideSolutionNode = FALSE
	EndGlobalSection
	GlobalSection(CRMSolutionProperties) = preSolution
		SolutionIsBoundToCRM = True
	EndGlobalSection
EndGlobal
